
Microsoft Visual Studio Solution File, Format Version 12.00
# Visual Studio 15
VisualStudioVersion = 15.0.28307.421
MinimumVisualStudioVersion = 10.0.40219.1
Project("{FAE04EC0-301F-11D3-BF4B-00C04F79EFBC}") = "TestTask", "TestTask\TestTask.csproj", "{F7512603-40B4-47A3-A312-F0631691255D}"
EndProject
Global
	GlobalSection(SolutionConfigurationPlatforms) = preSolution
		Debug|Any CPU = Debug|Any CPU
		Release|Any CPU = Release|Any CPU
	EndGlobalSection
	GlobalSection(ProjectConfigurationPlatforms) = postSolution
		{F7512603-40B4-47A3-A312-F0631691255D}.Debug|Any CPU.ActiveCfg = Debug|Any CPU
		{F7512603-40B4-47A3-A312-F0631691255D}.Debug|Any CPU.Build.0 = Debug|Any CPU
		{F7512603-40B4-47A3-A312-F0631691255D}.Release|Any CPU.ActiveCfg = Release|Any CPU
		{F7512603-40B4-47A3-A312-F0631691255D}.Release|Any CPU.Build.0 = Release|Any CPU
	EndGlobalSection
	GlobalSection(SolutionProperties) = preSolution
		HideSolutionNode = FALSE
	EndGlobalSection
	GlobalSection(ExtensibilityGlobals) = postSolution
		SolutionGuid = {6CAED94F-4B49-422B-B8B8-A35C98B2C32D}
	EndGlobalSection
EndGlobal
